// !$*UTF8*$!
{
	archiveVersion = 1;
	classes = {
	};
	objectVersion = 46;
	objects = {

/* Begin PBXBuildFile section */
		9E2C8CCA1D0297DE002A747C /* AppDelegate.swift in Sources */ = {isa = PBXBuildFile; fileRef = 9E2C8CC91D0297DE002A747C /* AppDelegate.swift */; };
		9E2C8CCC1D0297DE002A747C /* ViewController.swift in Sources */ = {isa = PBXBuildFile; fileRef = 9E2C8CCB1D0297DE002A747C /* ViewController.swift */; };
		9E2C8CCF1D0297DE002A747C /* Main.storyboard in Resources */ = {isa = PBXBuildFile; fileRef = 9E2C8CCD1D0297DE002A747C /* Main.storyboard */; };
		9E2C8CD11D0297DE002A747C /* Assets.xcassets in Resources */ = {isa = PBXBuildFile; fileRef = 9E2C8CD01D0297DE002A747C /* Assets.xcassets */; };
		9E2C8CD41D0297DE002A747C /* LaunchScreen.storyboard in Resources */ = {isa = PBXBuildFile; fileRef = 9E2C8CD21D0297DE002A747C /* LaunchScreen.storyboard */; };
		9E2C8CDC1D029C3C002A747C /* pokemon.csv in Resources */ = {isa = PBXBuildFile; fileRef = 9E2C8CDB1D029C3C002A747C /* pokemon.csv */; };
/* End PBXBuildFile section */

/* Begin PBXFileReference section */
		9E2C8CC61D0297DE002A747C /* PokemonApp.app */ = {isa = PBXFileReference; explicitFileType = wrapper.application; includeInIndex = 0; path = PokemonApp.app; sourceTree = BUILT_PRODUCTS_DIR; };
		9E2C8CC91D0297DE002A747C /* AppDelegate.swift */ = {isa = PBXFileReference; lastKnownFileType = sourcecode.swift; path = AppDelegate.swift; sourceTree = "<group>"; };
		9E2C8CCB1D0297DE002A747C /* ViewController.swift */ = {isa = PBXFileReference; lastKnownFileType = sourcecode.swift; path = ViewController.swift; sourceTree = "<group>"; };
		9E2C8CCE1D0297DE002A747C /* Base */ = {isa = PBXFileReference; lastKnownFileType = file.storyboard; name = Base; path = Base.lproj/Main.storyboard; sourceTree = "<group>"; };
		9E2C8CD01D0297DE002A747C /* Assets.xcassets */ = {isa = PBXFileReference; lastKnownFileType = folder.assetcatalog; path = Assets.xcassets; sourceTree = "<group>"; };
		9E2C8CD31D0297DE002A747C /* Base */ = {isa = PBXFileReference; lastKnownFileType = file.storyboard; name = Base; path = Base.lproj/LaunchScreen.storyboard; sourceTree = "<group>"; };
		9E2C8CD51D0297DE002A747C /* Info.plist */ = {isa = PBXFileReference; lastKnownFileType = text.plist.xml; path = Info.plist; sourceTree = "<group>"; };
		9E2C8CDB1D029C3C002A747C /* pokemon.csv */ = {isa = PBXFileReference; fileEncoding = 4; lastKnownFileType = text; path = pokemon.csv; sourceTree = "<group>"; };
/* End PBXFileReference section */

/* Begin PBXFrameworksBuildPhase section */
		9E2C8CC31D0297DE002A747C /* Frameworks */ = {
			isa = PBXFrameworksBuildPhase;
			buildActionMask = 2147483647;
			files = (
			);
			runOnlyForDeploymentPostprocessing = 0;
		};
/* End PBXFrameworksBuildPhase section */

/* Begin PBXGroup section */
		9E2C8CBD1D0297DD002A747C = {
			isa = PBXGroup;
			children = (
				9E2C8CC81D0297DE002A747C /* PokemonApp */,
				9E2C8CC71D0297DE002A747C /* Products */,
			);
			sourceTree = "<group>";
		};
		9E2C8CC71D0297DE002A747C /* Products */ = {
			isa = PBXGroup;
			children = (
				9E2C8CC61D0297DE002A747C /* PokemonApp.app */,
			);
			name = Products;
			sourceTree = "<group>";
		};
		9E2C8CC81D0297DE002A747C /* PokemonApp */ = {
			isa = PBXGroup;
			children = (
				9E2C8CC91D0297DE002A747C /* AppDelegate.swift */,
				9E2C8CCB1D0297DE002A747C /* ViewController.swift */,
				9E2C8CDB1D029C3C002A747C /* pokemon.csv */,
				9E2C8CCD1D0297DE002A747C /* Main.storyboard */,
				9E2C8CD01D0297DE002A747C /* Assets.xcassets */,
				9E2C8CD21D0297DE002A747C /* LaunchScreen.storyboard */,
				9E2C8CD51D0297DE002A747C /* Info.plist */,
			);
			path = PokemonApp;
			sourceTree = "<group>";
		};
/* End PBXGroup section */

/* Begin PBXNativeTarget section */
		9E2C8CC51D0297DE002A747C /* PokemonApp */ = {
			isa = PBXNativeTarget;
			buildConfigurationList = 9E2C8CD81D0297DE002A747C /* Build configuration list for PBXNativeTarget "PokemonApp" */;
			buildPhases = (
				9E2C8CC21D0297DE002A747C /* Sources */,
				9E2C8CC31D0297DE002A747C /* Frameworks */,
				9E2C8CC41D0297DE002A747C /* Resources */,
			);
			buildRules = (
			);
			dependencies = (
			);
			name = PokemonApp;
			productName = PokemonApp;
			productReference = 9E2C8CC61D0297DE002A747C /* PokemonApp.app */;
			productType = "com.apple.product-type.application";
		};
/* End PBXNativeTarget section */

/* Begin PBXProject section */
		9E2C8CBE1D0297DD002A747C /* Project object */ = {
			isa = PBXProject;
			attributes = {
				LastSwiftUpdateCheck = 0730;
				LastUpgradeCheck = 0730;
				ORGANIZATIONNAME = "Jhonathan Sanchez";
				TargetAttributes = {
					9E2C8CC51D0297DE002A747C = {
						CreatedOnToolsVersion = 7.3.1;
						DevelopmentTeam = 73UA252779;
					};
				};
			};
			buildConfigurationList = 9E2C8CC11D0297DD002A747C /* Build configuration list for PBXProject "PokemonApp" */;
			compatibilityVersion = "Xcode 3.2";
			developmentRegion = English;
			hasScannedForEncodings = 0;
			knownRegions = (
				en,
				Base,
			);
			mainGroup = 9E2C8CBD1D0297DD002A747C;
			productRefGroup = 9E2C8CC71D0297DE002A747C /* Products */;
			projectDirPath = "";
			projectRoot = "";
			targets = (
				9E2C8CC51D0297DE002A747C /* PokemonApp */,
			);
		};
/* End PBXProject section */

/* Begin PBXResourcesBuildPhase section */
		9E2C8CC41D0297DE002A747C /* Resources */ = {
			isa = PBXResourcesBuildPhase;
			buildActionMask = 2147483647;
			files = (
				9E2C8CD41D0297DE002A747C /* LaunchScreen.storyboard in Resources */,
				9E2C8CD11D0297DE002A747C /* Assets.xcassets in Resources */,
				9E2C8CDC1D029C3C002A747C /* pokemon.csv in Resources */,
				9E2C8CCF1D0297DE002A747C /* Main.storyboard in Resources */,
			);
			runOnlyForDeploymentPostprocessing = 0;
		};
/* End PBXResourcesBuildPhase section */

/* Begin PBXSourcesBuildPhase section */
		9E2C8CC21D0297DE002A747C /* Sources */ = {
			isa = PBXSourcesBuildPhase;
			buildActionMask = 2147483647;
			files = (
				9E2C8CCC1D0297DE002A747C /* ViewController.swift in Sources */,
				9E2C8CCA1D0297DE002A747C /* AppDelegate.swift in Sources */,
			);
			runOnlyForDeploymentPostprocessing = 0;
		};
/* End PBXSourcesBuildPhase section */

/* Begin PBXVariantGroup section */
		9E2C8CCD1D0297DE002A747C /* Main.storyboard */ = {
			isa = PBXVariantGroup;
			children = (
				9E2C8CCE1D0297DE002A747C /* Base */,
			);
			name = Main.storyboard;
			sourceTree = "<group>";
		};
		9E2C8CD21D0297DE002A747C /* LaunchScreen.storyboard */ = {
			isa = PBXVariantGroup;
			children = (
				9E2C8CD31D0297DE002A747C /* Base */,
			);
			name = LaunchScreen.storyboard;
			sourceTree = "<group>";
		};
/* End PBXVariantGroup section */

/* Begin XCBuildConfiguration section */
		9E2C8CD61D0297DE002A747C /* Debug */ = {
			isa = XCBuildConfiguration;
			buildSettings = {
				ALWAYS_SEARCH_USER_PATHS = NO;
				CLANG_ANALYZER_NONNULL = YES;
				CLANG_CXX_LANGUAGE_STANDARD = "gnu++0x";
				CLANG_CXX_LIBRARY = "libc++";
				CLANG_ENABLE_MODULES = YES;
				CLANG_ENABLE_OBJC_ARC = YES;
				CLANG_WARN_BOOL_CONVERSION = YES;
				CLANG_WARN_CONSTANT_CONVERSION = YES;
				CLANG_WARN_DIRECT_OBJC_ISA_USAGE = YES_ERROR;
				CLANG_WARN_EMPTY_BODY = YES;
				CLANG_WARN_ENUM_CONVERSION = YES;
				CLANG_WARN_INT_CONVERSION = YES;
				CLANG_WARN_OBJC_ROOT_CLASS = YES_ERROR;
				CLANG_WARN_UNREACHABLE_CODE = YES;
				CLANG_WARN__DUPLICATE_METHOD_MATCH = YES;
				"CODE_SIGN_IDENTITY[sdk=iphoneos*]" = "iPhone Developer";
				COPY_PHASE_STRIP = NO;
				DEBUG_INFORMATION_FORMAT = dwarf;
				ENABLE_STRICT_OBJC_MSGSEND = YES;
				ENABLE_TESTABILITY = YES;
				GCC_C_LANGUAGE_STANDARD = gnu99;
				GCC_DYNAMIC_NO_PIC = NO;
				GCC_NO_COMMON_BLOCKS = YES;
				GCC_OPTIMIZATION_LEVEL = 0;
				GCC_PREPROCESSOR_DEFINITIONS = (
					"DEBUG=1",
					"$(inherited)",
				);
				GCC_WARN_64_TO_32_BIT_CONVERSION = YES;
				GCC_WARN_ABOUT_RETURN_TYPE = YES_ERROR;
				GCC_WARN_UNDECLARED_SELECTOR = YES;
				GCC_WARN_UNINITIALIZED_AUTOS = YES_AGGRESSIVE;
				GCC_WARN_UNUSED_FUNCTION = YES;
				GCC_WARN_UNUSED_VARIABLE = YES;
				IPHONEOS_DEPLOYMENT_TARGET = 9.3;
				MTL_ENABLE_DEBUG_INFO = YES;
				ONLY_ACTIVE_ARCH = YES;
				SDKROOT = iphoneos;
				SWIFT_OPTIMIZATION_LEVEL = "-Onone";
				TARGETED_DEVICE_FAMILY = "1,2";
			};
			name = Debug;
		};
		9E2C8CD71D0297DE002A747C /* Release */ = {
			isa = XCBuildConfiguration;
			buildSettings = {
				ALWAYS_SEARCH_USER_PATHS = NO;
				CLANG_ANALYZER_NONNULL = YES;
				CLANG_CXX_LANGUAGE_STANDARD = "gnu++0x";
				CLANG_CXX_LIBRARY = "libc++";
				CLANG_ENABLE_MODULES = YES;
				CLANG_ENABLE_OBJC_ARC = YES;
				CLANG_WARN_BOOL_CONVERSION = YES;
				CLANG_WARN_CONSTANT_CONVERSION = YES;
				CLANG_WARN_DIRECT_OBJC_ISA_USAGE = YES_ERROR;
				CLANG_WARN_EMPTY_BODY = YES;
				CLANG_WARN_ENUM_CONVERSION = YES;
				CLANG_WARN_INT_CONVERSION = YES;
				CLANG_WARN_OBJC_ROOT_CLASS = YES_ERROR;
				CLANG_WARN_UNREACHABLE_CODE = YES;
				CLANG_WARN__DUPLICATE_METHOD_MATCH = YES;
				"CODE_SIGN_IDENTITY[sdk=iphoneos*]" = "iPhone Developer";
				COPY_PHASE_STRIP = NO;
				DEBUG_INFORMATION_FORMAT = "dwarf-with-dsym";
				ENABLE_NS_ASSERTIONS = NO;
				ENABLE_STRICT_OBJC_MSGSEND = YES;
				GCC_C_LANGUAGE_STANDARD = gnu99;
				GCC_NO_COMMON_BLOCKS = YES;
				GCC_WARN_64_TO_32_BIT_CONVERSION = YES;
				GCC_WARN_ABOUT_RETURN_TYPE = YES_ERROR;
				GCC_WARN_UNDECLARED_SELECTOR = YES;
				GCC_WARN_UNINITIALIZED_AUTOS = YES_AGGRESSIVE;
				GCC_WARN_UNUSED_FUNCTION = YES;
				GCC_WARN_UNUSED_VARIABLE = YES;
				IPHONEOS_DEPLOYMENT_TARGET = 9.3;
				MTL_ENABLE_DEBUG_INFO = NO;
				SDKROOT = iphoneos;
				TARGETED_DEVICE_FAMILY = "1,2";
				VALIDATE_PRODUCT = YES;
			};
			name = Release;
		};
		9E2C8CD91D0297DE002A747C /* Debug */ = {
			isa = XCBuildConfiguration;
			buildSettings = {
				ASSETCATALOG_COMPILER_APPICON_NAME = AppIcon;
				INFOPLIST_FILE = PokemonApp/Info.plist;
				LD_RUNPATH_SEARCH_PATHS = "$(inherited) @executable_path/Frameworks";
				PRODUCT_BUNDLE_IDENTIFIER = edu.JhonSnchez.PokemonApp;
				PRODUCT_NAME = "$(TARGET_NAME)";
			};
			name = Debug;
		};
		9E2C8CDA1D0297DE002A747C /* Release */ = {
			isa = XCBuildConfiguration;
			buildSettings = {
				ASSETCATALOG_COMPILER_APPICON_NAME = AppIcon;
				INFOPLIST_FILE = PokemonApp/Info.plist;
				LD_RUNPATH_SEARCH_PATHS = "$(inherited) @executable_path/Frameworks";
				PRODUCT_BUNDLE_IDENTIFIER = edu.JhonSnchez.PokemonApp;
				PRODUCT_NAME = "$(TARGET_NAME)";
			};
			name = Release;
		};
/* End XCBuildConfiguration section */

/* Begin XCConfigurationList section */
		9E2C8CC11D0297DD002A747C /* Build configuration list for PBXProject "PokemonApp" */ = {
			isa = XCConfigurationList;
			buildConfigurations = (
				9E2C8CD61D0297DE002A747C /* Debug */,
				9E2C8CD71D0297DE002A747C /* Release */,
			);
			defaultConfigurationIsVisible = 0;
			defaultConfigurationName = Release;
		};
		9E2C8CD81D0297DE002A747C /* Build configuration list for PBXNativeTarget "PokemonApp" */ = {
			isa = XCConfigurationList;
			buildConfigurations = (
				9E2C8CD91D0297DE002A747C /* Debug */,
				9E2C8CDA1D0297DE002A747C /* Release */,
			);
			defaultConfigurationIsVisible = 0;
		};
/* End XCConfigurationList section */
	};
	rootObject = 9E2C8CBE1D0297DD002A747C /* Project object */;
}
